<?xml version="1.0" encoding="utf-8"?>
<Project ToolsVersion="4.0" xmlns="http://schemas.microsoft.com/developer/msbuild/2003">
  <ItemGroup>
    <Filter Include="源文件">
      <UniqueIdentifier>{4FC737F1-C7A5-4376-A066-2A32D752A2FF}</UniqueIdentifier>
      <Extensions>cpp;c;cc;cxx;def;odl;idl;hpj;bat;asm;asmx</Extensions>
    </Filter>
    <Filter Include="头文件">
      <UniqueIdentifier>{93995380-89BD-4b04-88EB-625FBE52EBFB}</UniqueIdentifier>
      <Extensions>h;hpp;hxx;hm;inl;inc;xsd</Extensions>
    </Filter>
    <Filter Include="资源文件">
      <UniqueIdentifier>{67DA6AB6-F800-4c08-8B7A-83BB121AAD01}</UniqueIdentifier>
      <Extensions>rc;ico;cur;bmp;dlg;rc2;rct;bin;rgs;gif;jpg;jpeg;jpe;resx;tiff;tif;png;wav;mfcribbon-ms</Extensions>
    </Filter>
  </ItemGroup>
  <ItemGroup>
    <None Include="ReadMe.txt" />
    <None Include="res\FinaceManager.rc2">
      <Filter>资源文件</Filter>
    </None>
    <None Include="res\FinaceManager.ico">
      <Filter>资源文件</Filter>
    </None>
    <None Include="res\main_back.bmp">
      <Filter>资源文件</Filter>
    </None>
    <None Include="res\rt_manif.bin">
      <Filter>资源文件</Filter>
    </None>
  </ItemGroup>
  <ItemGroup>
    <ClInclude Include="FinaceManager.h">
      <Filter>头文件</Filter>
    </ClInclude>
    <ClInclude Include="FinaceManagerDlg.h">
      <Filter>头文件</Filter>
    </ClInclude>
    <ClInclude Include="stdafx.h">
      <Filter>头文件</Filter>
    </ClInclude>
    <ClInclude Include="targetver.h">
      <Filter>头文件</Filter>
    </ClInclude>
    <ClInclude Include="Resource.h">
      <Filter>头文件</Filter>
    </ClInclude>
    <ClInclude Include="MainMenue.h">
      <Filter>头文件</Filter>
    </ClInclude>
    <ClInclude Include="DayRecord.h">
      <Filter>头文件</Filter>
    </ClInclude>
    <ClInclude Include="MonthRecord.h">
      <Filter>头文件</Filter>
    </ClInclude>
    <ClInclude Include="YearRecord.h">
      <Filter>头文件</Filter>
    </ClInclude>
    <ClInclude Include="InRecord.h">
      <Filter>头文件</Filter>
    </ClInclude>
    <ClInclude Include="OutRecord.h">
      <Filter>头文件</Filter>
    </ClInclude>
    <ClInclude Include="TableFather.h">
      <Filter>头文件</Filter>
    </ClInclude>
    <ClInclude Include="TableDayIn.h">
      <Filter>头文件</Filter>
    </ClInclude>
    <ClInclude Include="TableDayOut.h">
      <Filter>头文件</Filter>
    </ClInclude>
    <ClInclude Include="TableMonthIn.h">
      <Filter>头文件</Filter>
    </ClInclude>
    <ClInclude Include="TableMonthOut.h">
      <Filter>头文件</Filter>
    </ClInclude>
    <ClInclude Include="TableYearIn.h">
      <Filter>头文件</Filter>
    </ClInclude>
    <ClInclude Include="TableYearOut.h">
      <Filter>头文件</Filter>
    </ClInclude>
    <ClInclude Include="ExRecord.h">
      <Filter>头文件</Filter>
    </ClInclude>
  </ItemGroup>
  <ItemGroup>
    <ClCompile Include="FinaceManager.cpp">
      <Filter>源文件</Filter>
    </ClCompile>
    <ClCompile Include="FinaceManagerDlg.cpp">
      <Filter>源文件</Filter>
    </ClCompile>
    <ClCompile Include="stdafx.cpp">
      <Filter>源文件</Filter>
    </ClCompile>
    <ClCompile Include="MainMenue.cpp">
      <Filter>源文件</Filter>
    </ClCompile>
    <ClCompile Include="DayRecord.cpp">
      <Filter>源文件</Filter>
    </ClCompile>
    <ClCompile Include="MonthRecord.cpp">
      <Filter>源文件</Filter>
    </ClCompile>
    <ClCompile Include="YearRecord.cpp">
      <Filter>源文件</Filter>
    </ClCompile>
    <ClCompile Include="InRecord.cpp">
      <Filter>源文件</Filter>
    </ClCompile>
    <ClCompile Include="OutRecord.cpp">
      <Filter>源文件</Filter>
    </ClCompile>
    <ClCompile Include="TableFather.cpp">
      <Filter>源文件</Filter>
    </ClCompile>
    <ClCompile Include="TableDayIn.cpp">
      <Filter>源文件</Filter>
    </ClCompile>
    <ClCompile Include="TableDayOut.cpp">
      <Filter>源文件</Filter>
    </ClCompile>
    <ClCompile Include="TableMonthIn.cpp">
      <Filter>源文件</Filter>
    </ClCompile>
    <ClCompile Include="TableMonthOut.cpp">
      <Filter>源文件</Filter>
    </ClCompile>
    <ClCompile Include="TableYearIn.cpp">
      <Filter>源文件</Filter>
    </ClCompile>
    <ClCompile Include="TableYearOut.cpp">
      <Filter>源文件</Filter>
    </ClCompile>
    <ClCompile Include="ExRecord.cpp">
      <Filter>源文件</Filter>
    </ClCompile>
  </ItemGroup>
  <ItemGroup>
    <ResourceCompile Include="FinaceManager.rc">
      <Filter>资源文件</Filter>
    </ResourceCompile>
  </ItemGroup>
  <ItemGroup>
    <Manifest Include="res\XPStyle.manifest" />
  </ItemGroup>
</Project>